// !$*UTF8*$!
{
	archiveVersion = 1;
	classes = {
	};
	objectVersion = 46;
	objects = {

/* Begin PBXBuildFile section */
		6D50BD2F1617C6D7000A7F61 /* BluetoothViewController.m in Sources */ = {isa = PBXBuildFile; fileRef = 6D50BD2D1617C6D6000A7F61 /* BluetoothViewController.m */; };
		6D50BD301617C6D7000A7F61 /* BluetoothViewController.xib in Resources */ = {isa = PBXBuildFile; fileRef = 6D50BD2E1617C6D6000A7F61 /* BluetoothViewController.xib */; };
		6D50BD321617C735000A7F61 /* GameKit.framework in Frameworks */ = {isa = PBXBuildFile; fileRef = 6D50BD311617C735000A7F61 /* GameKit.framework */; };
		6DE3A723160D688B0023C29D /* UIKit.framework in Frameworks */ = {isa = PBXBuildFile; fileRef = 6DE3A722160D688B0023C29D /* UIKit.framework */; };
		6DE3A725160D688B0023C29D /* Foundation.framework in Frameworks */ = {isa = PBXBuildFile; fileRef = 6DE3A724160D688B0023C29D /* Foundation.framework */; };
		6DE3A727160D688B0023C29D /* CoreGraphics.framework in Frameworks */ = {isa = PBXBuildFile; fileRef = 6DE3A726160D688B0023C29D /* CoreGraphics.framework */; };
		6DE3A72D160D688B0023C29D /* InfoPlist.strings in Resources */ = {isa = PBXBuildFile; fileRef = 6DE3A72B160D688B0023C29D /* InfoPlist.strings */; };
		6DE3A72F160D688B0023C29D /* main.m in Sources */ = {isa = PBXBuildFile; fileRef = 6DE3A72E160D688B0023C29D /* main.m */; };
		6DE3A733160D688B0023C29D /* AppDelegate.m in Sources */ = {isa = PBXBuildFile; fileRef = 6DE3A732160D688B0023C29D /* AppDelegate.m */; };
		6DE3A736160D688B0023C29D /* ViewController.m in Sources */ = {isa = PBXBuildFile; fileRef = 6DE3A735160D688B0023C29D /* ViewController.m */; };
		6DE3A739160D688C0023C29D /* ViewController.xib in Resources */ = {isa = PBXBuildFile; fileRef = 6DE3A737160D688C0023C29D /* ViewController.xib */; };
		6DE3A741160D688D0023C29D /* SenTestingKit.framework in Frameworks */ = {isa = PBXBuildFile; fileRef = 6DE3A740160D688D0023C29D /* SenTestingKit.framework */; };
		6DE3A742160D688D0023C29D /* UIKit.framework in Frameworks */ = {isa = PBXBuildFile; fileRef = 6DE3A722160D688B0023C29D /* UIKit.framework */; };
		6DE3A743160D688D0023C29D /* Foundation.framework in Frameworks */ = {isa = PBXBuildFile; fileRef = 6DE3A724160D688B0023C29D /* Foundation.framework */; };
		6DE3A74B160D688D0023C29D /* InfoPlist.strings in Resources */ = {isa = PBXBuildFile; fileRef = 6DE3A749160D688D0023C29D /* InfoPlist.strings */; };
		6DE3A74E160D688D0023C29D /* BeerPalTests.m in Sources */ = {isa = PBXBuildFile; fileRef = 6DE3A74D160D688D0023C29D /* BeerPalTests.m */; };
		6DE3A75A160D6AAC0023C29D /* TapGameViewController.m in Sources */ = {isa = PBXBuildFile; fileRef = 6DE3A758160D6AAC0023C29D /* TapGameViewController.m */; };
		6DE3A75B160D6AAC0023C29D /* TapGameViewController.xib in Resources */ = {isa = PBXBuildFile; fileRef = 6DE3A759160D6AAC0023C29D /* TapGameViewController.xib */; };
		6DE3A75E160D6E950023C29D /* background.png in Resources */ = {isa = PBXBuildFile; fileRef = 6DE3A75C160D6E950023C29D /* background.png */; };
		6DE3A75F160D6E950023C29D /* beer.png in Resources */ = {isa = PBXBuildFile; fileRef = 6DE3A75D160D6E950023C29D /* beer.png */; };
		6DE3A763160D6F2F0023C29D /* BeerItemViewController.m in Sources */ = {isa = PBXBuildFile; fileRef = 6DE3A762160D6F2F0023C29D /* BeerItemViewController.m */; };
		6DE3A769160D77960023C29D /* beer-small.png in Resources */ = {isa = PBXBuildFile; fileRef = 6DE3A768160D77950023C29D /* beer-small.png */; };
		6DE3A77E160D89B30023C29D /* DrinkGameViewController.m in Sources */ = {isa = PBXBuildFile; fileRef = 6DE3A77C160D89B30023C29D /* DrinkGameViewController.m */; };
		6DE3A77F160D89B30023C29D /* DrinkGameViewController.xib in Resources */ = {isa = PBXBuildFile; fileRef = 6DE3A77D160D89B30023C29D /* DrinkGameViewController.xib */; };
		6DE3A786160D95540023C29D /* drink-button@2x.png in Resources */ = {isa = PBXBuildFile; fileRef = 6DE3A781160D95540023C29D /* drink-button@2x.png */; };
		6DE3A787160D95540023C29D /* logo@2x.png in Resources */ = {isa = PBXBuildFile; fileRef = 6DE3A782160D95540023C29D /* logo@2x.png */; };
		6DE3A788160D95540023C29D /* main-bg@2x.png in Resources */ = {isa = PBXBuildFile; fileRef = 6DE3A783160D95540023C29D /* main-bg@2x.png */; };
		6DE3A789160D95540023C29D /* mydrinks-button@2x.png in Resources */ = {isa = PBXBuildFile; fileRef = 6DE3A784160D95540023C29D /* mydrinks-button@2x.png */; };
		6DE3A78A160D95540023C29D /* tap-button@2x.png in Resources */ = {isa = PBXBuildFile; fileRef = 6DE3A785160D95540023C29D /* tap-button@2x.png */; };
		6DE3A78D160D9E1A0023C29D /* tap-background-front@2x.png in Resources */ = {isa = PBXBuildFile; fileRef = 6DE3A78B160D9E1A0023C29D /* tap-background-front@2x.png */; };
		6DE3A78E160D9E1A0023C29D /* tap-background@2x.png in Resources */ = {isa = PBXBuildFile; fileRef = 6DE3A78C160D9E1A0023C29D /* tap-background@2x.png */; };
		6DE3A798160E40670023C29D /* score@2x.png in Resources */ = {isa = PBXBuildFile; fileRef = 6DE3A793160E40670023C29D /* score@2x.png */; };
		6DE3A799160E40670023C29D /* pause-title@2x.png in Resources */ = {isa = PBXBuildFile; fileRef = 6DE3A794160E40670023C29D /* pause-title@2x.png */; };
		6DE3A79A160E40670023C29D /* restart-button@2x.png in Resources */ = {isa = PBXBuildFile; fileRef = 6DE3A795160E40670023C29D /* restart-button@2x.png */; };
		6DE3A79B160E40670023C29D /* quit-button@2x.png in Resources */ = {isa = PBXBuildFile; fileRef = 6DE3A796160E40670023C29D /* quit-button@2x.png */; };
		6DE3A79C160E40670023C29D /* play-button@2x.png in Resources */ = {isa = PBXBuildFile; fileRef = 6DE3A797160E40670023C29D /* play-button@2x.png */; };
		6DE3A7A1160E411D0023C29D /* PauseViewController.m in Sources */ = {isa = PBXBuildFile; fileRef = 6DE3A79F160E411D0023C29D /* PauseViewController.m */; };
		6DE3A7A2160E411D0023C29D /* PauseViewController.xib in Resources */ = {isa = PBXBuildFile; fileRef = 6DE3A7A0160E411D0023C29D /* PauseViewController.xib */; };
		6DE3A7A4160E42B60023C29D /* pause-button@2x.png in Resources */ = {isa = PBXBuildFile; fileRef = 6DE3A7A3160E42B60023C29D /* pause-button@2x.png */; };
		6DE3A7AD160E4AE80023C29D /* lose@2x.png in Resources */ = {isa = PBXBuildFile; fileRef = 6DE3A7A9160E4AE80023C29D /* lose@2x.png */; };
		6DE3A7AE160E4AE80023C29D /* win@2x.png in Resources */ = {isa = PBXBuildFile; fileRef = 6DE3A7AA160E4AE80023C29D /* win@2x.png */; };
		6DE3A7AF160E4AE80023C29D /* time@2x.png in Resources */ = {isa = PBXBuildFile; fileRef = 6DE3A7AB160E4AE80023C29D /* time@2x.png */; };
		6DE3A7B0160E4AE80023C29D /* score@2x.png in Resources */ = {isa = PBXBuildFile; fileRef = 6DE3A7AC160E4AE80023C29D /* score@2x.png */; };
		6DE3A7B4160E52430023C29D /* EndGameViewController.m in Sources */ = {isa = PBXBuildFile; fileRef = 6DE3A7B2160E52400023C29D /* EndGameViewController.m */; };
		6DE3A7B5160E52430023C29D /* EndGameViewController.xib in Resources */ = {isa = PBXBuildFile; fileRef = 6DE3A7B3160E52410023C29D /* EndGameViewController.xib */; };
		6DE3A7B9160E52EE0023C29D /* no-button@2x.png in Resources */ = {isa = PBXBuildFile; fileRef = 6DE3A7B6160E52ED0023C29D /* no-button@2x.png */; };
		6DE3A7BA160E52EE0023C29D /* yes-button@2x.png in Resources */ = {isa = PBXBuildFile; fileRef = 6DE3A7B7160E52ED0023C29D /* yes-button@2x.png */; };
		6DE3A7BB160E52EE0023C29D /* claimtext@2x.png in Resources */ = {isa = PBXBuildFile; fileRef = 6DE3A7B8160E52ED0023C29D /* claimtext@2x.png */; };
		6DE3A7BF160E58B60023C29D /* gulp-button@2x.png in Resources */ = {isa = PBXBuildFile; fileRef = 6DE3A7BC160E58B60023C29D /* gulp-button@2x.png */; };
		6DE3A7C0160E58B60023C29D /* raise-button@2x.png in Resources */ = {isa = PBXBuildFile; fileRef = 6DE3A7BD160E58B60023C29D /* raise-button@2x.png */; };
		6DE3A7C1160E58B60023C29D /* swipe@2x.png in Resources */ = {isa = PBXBuildFile; fileRef = 6DE3A7BE160E58B60023C29D /* swipe@2x.png */; };
		6DE3A7C3160E5AE40023C29D /* drink-background@2x.png in Resources */ = {isa = PBXBuildFile; fileRef = 6DE3A7C2160E5AE40023C29D /* drink-background@2x.png */; };
		6DE3A7E7160E6A640023C29D /* libPayPalMPL.a in Frameworks */ = {isa = PBXBuildFile; fileRef = 6DE3A7DC160E6A2B0023C29D /* libPayPalMPL.a */; };
		6DE3A7FB160E6EB20023C29D /* libz.dylib in Frameworks */ = {isa = PBXBuildFile; fileRef = 6DE3A7FA160E6EB20023C29D /* libz.dylib */; };
		6DE3A7FD160E6EBC0023C29D /* Security.framework in Frameworks */ = {isa = PBXBuildFile; fileRef = 6DE3A7FC160E6EBB0023C29D /* Security.framework */; };
		6DE3A801160E6ED60023C29D /* libxml2.2.7.3.dylib in Frameworks */ = {isa = PBXBuildFile; fileRef = 6DE3A7FE160E6ED50023C29D /* libxml2.2.7.3.dylib */; };
		6DE3A802160E6ED60023C29D /* libxml2.2.dylib in Frameworks */ = {isa = PBXBuildFile; fileRef = 6DE3A7FF160E6ED50023C29D /* libxml2.2.dylib */; };
		6DE3A803160E6ED60023C29D /* libxml2.dylib in Frameworks */ = {isa = PBXBuildFile; fileRef = 6DE3A800160E6ED60023C29D /* libxml2.dylib */; };
		6DE3A807160E6FF50023C29D /* CheckViewController.m in Sources */ = {isa = PBXBuildFile; fileRef = 6DE3A805160E6FF30023C29D /* CheckViewController.m */; };
		6DE3A808160E6FF50023C29D /* CheckViewController.xib in Resources */ = {isa = PBXBuildFile; fileRef = 6DE3A806160E6FF40023C29D /* CheckViewController.xib */; };
		6DE3A80A160E75E40023C29D /* checkout@2x.png in Resources */ = {isa = PBXBuildFile; fileRef = 6DE3A809160E75E40023C29D /* checkout@2x.png */; };
		6DE3A80C160E7AC60023C29D /* menu@2x.png in Resources */ = {isa = PBXBuildFile; fileRef = 6DE3A80B160E7AC60023C29D /* menu@2x.png */; };
		6DE3A810160E7AE00023C29D /* MenuViewController.m in Sources */ = {isa = PBXBuildFile; fileRef = 6DE3A80E160E7ADD0023C29D /* MenuViewController.m */; };
		6DE3A811160E7AE00023C29D /* MenuViewController.xib in Resources */ = {isa = PBXBuildFile; fileRef = 6DE3A80F160E7ADE0023C29D /* MenuViewController.xib */; };
		6DE3A826160E82490023C29D /* AVFoundation.framework in Frameworks */ = {isa = PBXBuildFile; fileRef = 6DE3A825160E82480023C29D /* AVFoundation.framework */; };
		6DE3A828160E83FF0023C29D /* AcousticSunrise.caf in Resources */ = {isa = PBXBuildFile; fileRef = 6DE3A827160E83FE0023C29D /* AcousticSunrise.caf */; };
		6DE3A829160E846F0023C29D /* AcousticSunrise.caf in Resources */ = {isa = PBXBuildFile; fileRef = 6DE3A827160E83FE0023C29D /* AcousticSunrise.caf */; };
		6DE3A82B160E85A80023C29D /* mydrinks@2x.png in Resources */ = {isa = PBXBuildFile; fileRef = 6DE3A82A160E85A70023C29D /* mydrinks@2x.png */; };
		6DE3A82F160E85BF0023C29D /* DrinksViewController.m in Sources */ = {isa = PBXBuildFile; fileRef = 6DE3A82D160E85BC0023C29D /* DrinksViewController.m */; };
		6DE3A830160E85BF0023C29D /* DrinksViewController.xib in Resources */ = {isa = PBXBuildFile; fileRef = 6DE3A82E160E85BD0023C29D /* DrinksViewController.xib */; };
		6DE3A832160E86300023C29D /* mydrinks@2x.png in Resources */ = {isa = PBXBuildFile; fileRef = 6DE3A831160E86300023C29D /* mydrinks@2x.png */; };
		B8B04FF5160D8CB700B15411 /* 10@2x.png in Resources */ = {isa = PBXBuildFile; fileRef = B8B04FCD160D8CB700B15411 /* 10@2x.png */; };
		B8B04FF6160D8CB700B15411 /* 11@2x.png in Resources */ = {isa = PBXBuildFile; fileRef = B8B04FCE160D8CB700B15411 /* 11@2x.png */; };
		B8B04FF7160D8CB700B15411 /* 12@2x.png in Resources */ = {isa = PBXBuildFile; fileRef = B8B04FCF160D8CB700B15411 /* 12@2x.png */; };
		B8B04FF8160D8CB700B15411 /* 13@2x.png in Resources */ = {isa = PBXBuildFile; fileRef = B8B04FD0160D8CB700B15411 /* 13@2x.png */; };
		B8B04FF9160D8CB700B15411 /* 14@2x.png in Resources */ = {isa = PBXBuildFile; fileRef = B8B04FD1160D8CB700B15411 /* 14@2x.png */; };
		B8B04FFA160D8CB700B15411 /* 15@2x.png in Resources */ = {isa = PBXBuildFile; fileRef = B8B04FD2160D8CB700B15411 /* 15@2x.png */; };
		B8B04FFB160D8CB700B15411 /* 16@2x.png in Resources */ = {isa = PBXBuildFile; fileRef = B8B04FD3160D8CB700B15411 /* 16@2x.png */; };
		B8B04FFC160D8CB700B15411 /* 17@2x.png in Resources */ = {isa = PBXBuildFile; fileRef = B8B04FD4160D8CB700B15411 /* 17@2x.png */; };
		B8B04FFD160D8CB700B15411 /* 18@2x.png in Resources */ = {isa = PBXBuildFile; fileRef = B8B04FD5160D8CB700B15411 /* 18@2x.png */; };
		B8B04FFE160D8CB700B15411 /* 19@2x.png in Resources */ = {isa = PBXBuildFile; fileRef = B8B04FD6160D8CB700B15411 /* 19@2x.png */; };
		B8B04FFF160D8CB700B15411 /* 20@2x.png in Resources */ = {isa = PBXBuildFile; fileRef = B8B04FD7160D8CB700B15411 /* 20@2x.png */; };
		B8B05000160D8CB700B15411 /* 21@2x.png in Resources */ = {isa = PBXBuildFile; fileRef = B8B04FD8160D8CB700B15411 /* 21@2x.png */; };
		B8B05001160D8CB700B15411 /* 22@2x.png in Resources */ = {isa = PBXBuildFile; fileRef = B8B04FD9160D8CB700B15411 /* 22@2x.png */; };
		B8B05002160D8CB700B15411 /* 23@2x.png in Resources */ = {isa = PBXBuildFile; fileRef = B8B04FDA160D8CB700B15411 /* 23@2x.png */; };
		B8B05003160D8CB700B15411 /* 24@2x.png in Resources */ = {isa = PBXBuildFile; fileRef = B8B04FDB160D8CB700B15411 /* 24@2x.png */; };
		B8B05004160D8CB700B15411 /* 25@2x.png in Resources */ = {isa = PBXBuildFile; fileRef = B8B04FDC160D8CB700B15411 /* 25@2x.png */; };
		B8B05005160D8CB700B15411 /* 26@2x.png in Resources */ = {isa = PBXBuildFile; fileRef = B8B04FDD160D8CB700B15411 /* 26@2x.png */; };
		B8B05006160D8CB700B15411 /* 27@2x.png in Resources */ = {isa = PBXBuildFile; fileRef = B8B04FDE160D8CB700B15411 /* 27@2x.png */; };
		B8B05007160D8CB700B15411 /* 28@2x.png in Resources */ = {isa = PBXBuildFile; fileRef = B8B04FDF160D8CB700B15411 /* 28@2x.png */; };
		B8B05008160D8CB700B15411 /* 29@2x.png in Resources */ = {isa = PBXBuildFile; fileRef = B8B04FE0160D8CB700B15411 /* 29@2x.png */; };
		B8B05009160D8CB700B15411 /* 30@2x.png in Resources */ = {isa = PBXBuildFile; fileRef = B8B04FE1160D8CB700B15411 /* 30@2x.png */; };
		B8B0500A160D8CB700B15411 /* 31@2x.png in Resources */ = {isa = PBXBuildFile; fileRef = B8B04FE2160D8CB700B15411 /* 31@2x.png */; };
		B8B0500B160D8CB700B15411 /* 32@2x.png in Resources */ = {isa = PBXBuildFile; fileRef = B8B04FE3160D8CB700B15411 /* 32@2x.png */; };
		B8B0500C160D8CB700B15411 /* 33@2x.png in Resources */ = {isa = PBXBuildFile; fileRef = B8B04FE4160D8CB700B15411 /* 33@2x.png */; };
		B8B0500D160D8CB700B15411 /* 34@2x.png in Resources */ = {isa = PBXBuildFile; fileRef = B8B04FE5160D8CB700B15411 /* 34@2x.png */; };
		B8B0500E160D8CB700B15411 /* 35@2x.png in Resources */ = {isa = PBXBuildFile; fileRef = B8B04FE6160D8CB700B15411 /* 35@2x.png */; };
		B8B0500F160D8CB700B15411 /* 36@2x.png in Resources */ = {isa = PBXBuildFile; fileRef = B8B04FE7160D8CB700B15411 /* 36@2x.png */; };
		B8B05010160D8CB700B15411 /* 37@2x.png in Resources */ = {isa = PBXBuildFile; fileRef = B8B04FE8160D8CB700B15411 /* 37@2x.png */; };
		B8B05011160D8CB700B15411 /* 38@2x.png in Resources */ = {isa = PBXBuildFile; fileRef = B8B04FE9160D8CB700B15411 /* 38@2x.png */; };
		B8B05012160D8CB700B15411 /* 39@2x.png in Resources */ = {isa = PBXBuildFile; fileRef = B8B04FEA160D8CB700B15411 /* 39@2x.png */; };
		B8B0501E160D96B300B15411 /* 0@2x.png in Resources */ = {isa = PBXBuildFile; fileRef = B8B05014160D96B300B15411 /* 0@2x.png */; };
		B8B0501F160D96B300B15411 /* 1@2x.png in Resources */ = {isa = PBXBuildFile; fileRef = B8B05015160D96B300B15411 /* 1@2x.png */; };
		B8B05020160D96B300B15411 /* 2@2x.png in Resources */ = {isa = PBXBuildFile; fileRef = B8B05016160D96B300B15411 /* 2@2x.png */; };
		B8B05021160D96B300B15411 /* 3@2x.png in Resources */ = {isa = PBXBuildFile; fileRef = B8B05017160D96B300B15411 /* 3@2x.png */; };
		B8B05022160D96B300B15411 /* 4@2x.png in Resources */ = {isa = PBXBuildFile; fileRef = B8B05018160D96B300B15411 /* 4@2x.png */; };
		B8B05023160D96B300B15411 /* 5@2x.png in Resources */ = {isa = PBXBuildFile; fileRef = B8B05019160D96B300B15411 /* 5@2x.png */; };
		B8B05024160D96B300B15411 /* 6@2x.png in Resources */ = {isa = PBXBuildFile; fileRef = B8B0501A160D96B300B15411 /* 6@2x.png */; };
		B8B05025160D96B300B15411 /* 7@2x.png in Resources */ = {isa = PBXBuildFile; fileRef = B8B0501B160D96B300B15411 /* 7@2x.png */; };
		B8B05026160D96B300B15411 /* 8@2x.png in Resources */ = {isa = PBXBuildFile; fileRef = B8B0501C160D96B300B15411 /* 8@2x.png */; };
		B8B05027160D96B300B15411 /* 9@2x.png in Resources */ = {isa = PBXBuildFile; fileRef = B8B0501D160D96B300B15411 /* 9@2x.png */; };
/* End PBXBuildFile section */

/* Begin PBXContainerItemProxy section */
		6DE3A744160D688D0023C29D /* PBXContainerItemProxy */ = {
			isa = PBXContainerItemProxy;
			containerPortal = 6DE3A715160D688A0023C29D /* Project object */;
			proxyType = 1;
			remoteGlobalIDString = 6DE3A71D160D688A0023C29D;
			remoteInfo = BeerPal;
		};
/* End PBXContainerItemProxy section */

/* Begin PBXFileReference section */
		6D50BD2C1617C6D6000A7F61 /* BluetoothViewController.h */ = {isa = PBXFileReference; fileEncoding = 4; lastKnownFileType = sourcecode.c.h; path = BluetoothViewController.h; sourceTree = "<group>"; };
		6D50BD2D1617C6D6000A7F61 /* BluetoothViewController.m */ = {isa = PBXFileReference; fileEncoding = 4; lastKnownFileType = sourcecode.c.objc; path = BluetoothViewController.m; sourceTree = "<group>"; };
		6D50BD2E1617C6D6000A7F61 /* BluetoothViewController.xib */ = {isa = PBXFileReference; fileEncoding = 4; lastKnownFileType = file.xib; path = BluetoothViewController.xib; sourceTree = "<group>"; };
		6D50BD311617C735000A7F61 /* GameKit.framework */ = {isa = PBXFileReference; lastKnownFileType = wrapper.framework; name = GameKit.framework; path = System/Library/Frameworks/GameKit.framework; sourceTree = SDKROOT; };
		6DE3A71E160D688B0023C29D /* BeerPal.app */ = {isa = PBXFileReference; explicitFileType = wrapper.application; includeInIndex = 0; path = BeerPal.app; sourceTree = BUILT_PRODUCTS_DIR; };
		6DE3A722160D688B0023C29D /* UIKit.framework */ = {isa = PBXFileReference; lastKnownFileType = wrapper.framework; name = UIKit.framework; path = System/Library/Frameworks/UIKit.framework; sourceTree = SDKROOT; };
		6DE3A724160D688B0023C29D /* Foundation.framework */ = {isa = PBXFileReference; lastKnownFileType = wrapper.framework; name = Foundation.framework; path = System/Library/Frameworks/Foundation.framework; sourceTree = SDKROOT; };
		6DE3A726160D688B0023C29D /* CoreGraphics.framework */ = {isa = PBXFileReference; lastKnownFileType = wrapper.framework; name = CoreGraphics.framework; path = System/Library/Frameworks/CoreGraphics.framework; sourceTree = SDKROOT; };
		6DE3A72A160D688B0023C29D /* BeerPal-Info.plist */ = {isa = PBXFileReference; lastKnownFileType = text.plist.xml; path = "BeerPal-Info.plist"; sourceTree = "<group>"; };
		6DE3A72C160D688B0023C29D /* en */ = {isa = PBXFileReference; lastKnownFileType = text.plist.strings; name = en; path = en.lproj/InfoPlist.strings; sourceTree = "<group>"; };
		6DE3A72E160D688B0023C29D /* main.m */ = {isa = PBXFileReference; lastKnownFileType = sourcecode.c.objc; path = main.m; sourceTree = "<group>"; };
		6DE3A730160D688B0023C29D /* BeerPal-Prefix.pch */ = {isa = PBXFileReference; lastKnownFileType = sourcecode.c.h; path = "BeerPal-Prefix.pch"; sourceTree = "<group>"; };
		6DE3A731160D688B0023C29D /* AppDelegate.h */ = {isa = PBXFileReference; lastKnownFileType = sourcecode.c.h; path = AppDelegate.h; sourceTree = "<group>"; };
		6DE3A732160D688B0023C29D /* AppDelegate.m */ = {isa = PBXFileReference; lastKnownFileType = sourcecode.c.objc; path = AppDelegate.m; sourceTree = "<group>"; };
		6DE3A734160D688B0023C29D /* ViewController.h */ = {isa = PBXFileReference; lastKnownFileType = sourcecode.c.h; path = ViewController.h; sourceTree = "<group>"; };
		6DE3A735160D688B0023C29D /* ViewController.m */ = {isa = PBXFileReference; lastKnownFileType = sourcecode.c.objc; path = ViewController.m; sourceTree = "<group>"; };
		6DE3A738160D688C0023C29D /* en */ = {isa = PBXFileReference; lastKnownFileType = file.xib; name = en; path = en.lproj/ViewController.xib; sourceTree = "<group>"; };
		6DE3A73F160D688D0023C29D /* BeerPalTests.octest */ = {isa = PBXFileReference; explicitFileType = wrapper.cfbundle; includeInIndex = 0; path = BeerPalTests.octest; sourceTree = BUILT_PRODUCTS_DIR; };
		6DE3A740160D688D0023C29D /* SenTestingKit.framework */ = {isa = PBXFileReference; lastKnownFileType = wrapper.framework; name = SenTestingKit.framework; path = Library/Frameworks/SenTestingKit.framework; sourceTree = DEVELOPER_DIR; };
		6DE3A748160D688D0023C29D /* BeerPalTests-Info.plist */ = {isa = PBXFileReference; lastKnownFileType = text.plist.xml; path = "BeerPalTests-Info.plist"; sourceTree = "<group>"; };
		6DE3A74A160D688D0023C29D /* en */ = {isa = PBXFileReference; lastKnownFileType = text.plist.strings; name = en; path = en.lproj/InfoPlist.strings; sourceTree = "<group>"; };
		6DE3A74C160D688D0023C29D /* BeerPalTests.h */ = {isa = PBXFileReference; lastKnownFileType = sourcecode.c.h; path = BeerPalTests.h; sourceTree = "<group>"; };
		6DE3A74D160D688D0023C29D /* BeerPalTests.m */ = {isa = PBXFileReference; lastKnownFileType = sourcecode.c.objc; path = BeerPalTests.m; sourceTree = "<group>"; };
		6DE3A757160D6AAC0023C29D /* TapGameViewController.h */ = {isa = PBXFileReference; fileEncoding = 4; lastKnownFileType = sourcecode.c.h; path = TapGameViewController.h; sourceTree = "<group>"; };
		6DE3A758160D6AAC0023C29D /* TapGameViewController.m */ = {isa = PBXFileReference; fileEncoding = 4; lastKnownFileType = sourcecode.c.objc; path = TapGameViewController.m; sourceTree = "<group>"; };
		6DE3A759160D6AAC0023C29D /* TapGameViewController.xib */ = {isa = PBXFileReference; fileEncoding = 4; lastKnownFileType = file.xib; path = TapGameViewController.xib; sourceTree = "<group>"; };
		6DE3A75C160D6E950023C29D /* background.png */ = {isa = PBXFileReference; lastKnownFileType = image.png; name = background.png; path = images/background.png; sourceTree = "<group>"; };
		6DE3A75D160D6E950023C29D /* beer.png */ = {isa = PBXFileReference; lastKnownFileType = image.png; name = beer.png; path = images/beer.png; sourceTree = "<group>"; };
		6DE3A761160D6F2F0023C29D /* BeerItemViewController.h */ = {isa = PBXFileReference; fileEncoding = 4; lastKnownFileType = sourcecode.c.h; path = BeerItemViewController.h; sourceTree = "<group>"; };
		6DE3A762160D6F2F0023C29D /* BeerItemViewController.m */ = {isa = PBXFileReference; fileEncoding = 4; lastKnownFileType = sourcecode.c.objc; path = BeerItemViewController.m; sourceTree = "<group>"; };
		6DE3A768160D77950023C29D /* beer-small.png */ = {isa = PBXFileReference; lastKnownFileType = image.png; name = "beer-small.png"; path = "images/beer-small.png"; sourceTree = "<group>"; };
		6DE3A77B160D89B30023C29D /* DrinkGameViewController.h */ = {isa = PBXFileReference; fileEncoding = 4; lastKnownFileType = sourcecode.c.h; path = DrinkGameViewController.h; sourceTree = "<group>"; };
		6DE3A77C160D89B30023C29D /* DrinkGameViewController.m */ = {isa = PBXFileReference; fileEncoding = 4; lastKnownFileType = sourcecode.c.objc; path = DrinkGameViewController.m; sourceTree = "<group>"; };
		6DE3A77D160D89B30023C29D /* DrinkGameViewController.xib */ = {isa = PBXFileReference; fileEncoding = 4; lastKnownFileType = file.xib; path = DrinkGameViewController.xib; sourceTree = "<group>"; };
		6DE3A781160D95540023C29D /* drink-button@2x.png */ = {isa = PBXFileReference; lastKnownFileType = image.png; name = "drink-button@2x.png"; path = "images/drink-button@2x.png"; sourceTree = "<group>"; };
		6DE3A782160D95540023C29D /* logo@2x.png */ = {isa = PBXFileReference; lastKnownFileType = image.png; name = "logo@2x.png"; path = "images/logo@2x.png"; sourceTree = "<group>"; };
		6DE3A783160D95540023C29D /* main-bg@2x.png */ = {isa = PBXFileReference; lastKnownFileType = image.png; name = "main-bg@2x.png"; path = "images/main-bg@2x.png"; sourceTree = "<group>"; };
		6DE3A784160D95540023C29D /* mydrinks-button@2x.png */ = {isa = PBXFileReference; lastKnownFileType = image.png; name = "mydrinks-button@2x.png"; path = "images/mydrinks-button@2x.png"; sourceTree = "<group>"; };
		6DE3A785160D95540023C29D /* tap-button@2x.png */ = {isa = PBXFileReference; lastKnownFileType = image.png; name = "tap-button@2x.png"; path = "images/tap-button@2x.png"; sourceTree = "<group>"; };
		6DE3A78B160D9E1A0023C29D /* tap-background-front@2x.png */ = {isa = PBXFileReference; lastKnownFileType = image.png; name = "tap-background-front@2x.png"; path = "images/tap-background-front@2x.png"; sourceTree = "<group>"; };
		6DE3A78C160D9E1A0023C29D /* tap-background@2x.png */ = {isa = PBXFileReference; lastKnownFileType = image.png; name = "tap-background@2x.png"; path = "images/tap-background@2x.png"; sourceTree = "<group>"; };
		6DE3A793160E40670023C29D /* score@2x.png */ = {isa = PBXFileReference; lastKnownFileType = image.png; name = "score@2x.png"; path = "images/score@2x.png"; sourceTree = "<group>"; };
		6DE3A794160E40670023C29D /* pause-title@2x.png */ = {isa = PBXFileReference; lastKnownFileType = image.png; name = "pause-title@2x.png"; path = "images/pause-title@2x.png"; sourceTree = "<group>"; };
		6DE3A795160E40670023C29D /* restart-button@2x.png */ = {isa = PBXFileReference; lastKnownFileType = image.png; name = "restart-button@2x.png"; path = "images/restart-button@2x.png"; sourceTree = "<group>"; };
		6DE3A796160E40670023C29D /* quit-button@2x.png */ = {isa = PBXFileReference; lastKnownFileType = image.png; name = "quit-button@2x.png"; path = "images/quit-button@2x.png"; sourceTree = "<group>"; };
		6DE3A797160E40670023C29D /* play-button@2x.png */ = {isa = PBXFileReference; lastKnownFileType = image.png; name = "play-button@2x.png"; path = "images/play-button@2x.png"; sourceTree = "<group>"; };
		6DE3A79E160E411D0023C29D /* PauseViewController.h */ = {isa = PBXFileReference; fileEncoding = 4; lastKnownFileType = sourcecode.c.h; path = PauseViewController.h; sourceTree = "<group>"; };
		6DE3A79F160E411D0023C29D /* PauseViewController.m */ = {isa = PBXFileReference; fileEncoding = 4; lastKnownFileType = sourcecode.c.objc; path = PauseViewController.m; sourceTree = "<group>"; };
		6DE3A7A0160E411D0023C29D /* PauseViewController.xib */ = {isa = PBXFileReference; fileEncoding = 4; lastKnownFileType = file.xib; path = PauseViewController.xib; sourceTree = "<group>"; };
		6DE3A7A3160E42B60023C29D /* pause-button@2x.png */ = {isa = PBXFileReference; lastKnownFileType = image.png; name = "pause-button@2x.png"; path = "images/pause-button@2x.png"; sourceTree = "<group>"; };
		6DE3A7A9160E4AE80023C29D /* lose@2x.png */ = {isa = PBXFileReference; lastKnownFileType = image.png; name = "lose@2x.png"; path = "images/lose@2x.png"; sourceTree = "<group>"; };
		6DE3A7AA160E4AE80023C29D /* win@2x.png */ = {isa = PBXFileReference; lastKnownFileType = image.png; name = "win@2x.png"; path = "images/win@2x.png"; sourceTree = "<group>"; };
		6DE3A7AB160E4AE80023C29D /* time@2x.png */ = {isa = PBXFileReference; lastKnownFileType = image.png; name = "time@2x.png"; path = "images/time@2x.png"; sourceTree = "<group>"; };
		6DE3A7AC160E4AE80023C29D /* score@2x.png */ = {isa = PBXFileReference; lastKnownFileType = image.png; name = "score@2x.png"; path = "images/score@2x.png"; sourceTree = "<group>"; };
		6DE3A7B1160E52400023C29D /* EndGameViewController.h */ = {isa = PBXFileReference; fileEncoding = 4; lastKnownFileType = sourcecode.c.h; path = EndGameViewController.h; sourceTree = "<group>"; };
		6DE3A7B2160E52400023C29D /* EndGameViewController.m */ = {isa = PBXFileReference; fileEncoding = 4; lastKnownFileType = sourcecode.c.objc; path = EndGameViewController.m; sourceTree = "<group>"; };
		6DE3A7B3160E52410023C29D /* EndGameViewController.xib */ = {isa = PBXFileReference; fileEncoding = 4; lastKnownFileType = file.xib; path = EndGameViewController.xib; sourceTree = "<group>"; };
		6DE3A7B6160E52ED0023C29D /* no-button@2x.png */ = {isa = PBXFileReference; lastKnownFileType = image.png; name = "no-button@2x.png"; path = "images/no-button@2x.png"; sourceTree = "<group>"; };
		6DE3A7B7160E52ED0023C29D /* yes-button@2x.png */ = {isa = PBXFileReference; lastKnownFileType = image.png; name = "yes-button@2x.png"; path = "images/yes-button@2x.png"; sourceTree = "<group>"; };
		6DE3A7B8160E52ED0023C29D /* claimtext@2x.png */ = {isa = PBXFileReference; lastKnownFileType = image.png; name = "claimtext@2x.png"; path = "images/claimtext@2x.png"; sourceTree = "<group>"; };
		6DE3A7BC160E58B60023C29D /* gulp-button@2x.png */ = {isa = PBXFileReference; lastKnownFileType = image.png; path = "gulp-button@2x.png"; sourceTree = "<group>"; };
		6DE3A7BD160E58B60023C29D /* raise-button@2x.png */ = {isa = PBXFileReference; lastKnownFileType = image.png; path = "raise-button@2x.png"; sourceTree = "<group>"; };
		6DE3A7BE160E58B60023C29D /* swipe@2x.png */ = {isa = PBXFileReference; lastKnownFileType = image.png; path = "swipe@2x.png"; sourceTree = "<group>"; };
		6DE3A7C2160E5AE40023C29D /* drink-background@2x.png */ = {isa = PBXFileReference; lastKnownFileType = image.png; name = "drink-background@2x.png"; path = "images/drink-background@2x.png"; sourceTree = "<group>"; };
		6DE3A7DC160E6A2B0023C29D /* libPayPalMPL.a */ = {isa = PBXFileReference; lastKnownFileType = archive.ar; path = libPayPalMPL.a; sourceTree = "<group>"; };
		6DE3A7DD160E6A2D0023C29D /* PayPal.h */ = {isa = PBXFileReference; fileEncoding = 4; lastKnownFileType = sourcecode.c.h; path = PayPal.h; sourceTree = "<group>"; };
		6DE3A7DE160E6A390023C29D /* PayPalAddress.h */ = {isa = PBXFileReference; fileEncoding = 4; lastKnownFileType = sourcecode.c.h; path = PayPalAddress.h; sourceTree = "<group>"; };
		6DE3A7DF160E6A460023C29D /* PayPalAdvancedPayment.h */ = {isa = PBXFileReference; fileEncoding = 4; lastKnownFileType = sourcecode.c.h; path = PayPalAdvancedPayment.h; sourceTree = "<group>"; };
		6DE3A7E0160E6A530023C29D /* PayPalAmounts.h */ = {isa = PBXFileReference; fileEncoding = 4; lastKnownFileType = sourcecode.c.h; path = PayPalAmounts.h; sourceTree = "<group>"; };
		6DE3A7E1160E6A5F0023C29D /* PayPalInvoiceData.h */ = {isa = PBXFileReference; fileEncoding = 4; lastKnownFileType = sourcecode.c.h; path = PayPalInvoiceData.h; sourceTree = "<group>"; };
		6DE3A7E2160E6A5F0023C29D /* PayPalInvoiceItem.h */ = {isa = PBXFileReference; fileEncoding = 4; lastKnownFileType = sourcecode.c.h; path = PayPalInvoiceItem.h; sourceTree = "<group>"; };
		6DE3A7E3160E6A600023C29D /* PayPalPayment.h */ = {isa = PBXFileReference; fileEncoding = 4; lastKnownFileType = sourcecode.c.h; path = PayPalPayment.h; sourceTree = "<group>"; };
		6DE3A7E4160E6A600023C29D /* PayPalPreapprovalDetails.h */ = {isa = PBXFileReference; fileEncoding = 4; lastKnownFileType = sourcecode.c.h; path = PayPalPreapprovalDetails.h; sourceTree = "<group>"; };
		6DE3A7E5160E6A600023C29D /* PayPalReceiverAmounts.h */ = {isa = PBXFileReference; fileEncoding = 4; lastKnownFileType = sourcecode.c.h; path = PayPalReceiverAmounts.h; sourceTree = "<group>"; };
		6DE3A7E6160E6A610023C29D /* PayPalReceiverPaymentDetails.h */ = {isa = PBXFileReference; fileEncoding = 4; lastKnownFileType = sourcecode.c.h; path = PayPalReceiverPaymentDetails.h; sourceTree = "<group>"; };
		6DE3A7FA160E6EB20023C29D /* libz.dylib */ = {isa = PBXFileReference; lastKnownFileType = "compiled.mach-o.dylib"; name = libz.dylib; path = usr/lib/libz.dylib; sourceTree = SDKROOT; };
		6DE3A7FC160E6EBB0023C29D /* Security.framework */ = {isa = PBXFileReference; lastKnownFileType = wrapper.framework; name = Security.framework; path = System/Library/Frameworks/Security.framework; sourceTree = SDKROOT; };
		6DE3A7FE160E6ED50023C29D /* libxml2.2.7.3.dylib */ = {isa = PBXFileReference; lastKnownFileType = "compiled.mach-o.dylib"; name = libxml2.2.7.3.dylib; path = usr/lib/libxml2.2.7.3.dylib; sourceTree = SDKROOT; };
		6DE3A7FF160E6ED50023C29D /* libxml2.2.dylib */ = {isa = PBXFileReference; lastKnownFileType = "compiled.mach-o.dylib"; name = libxml2.2.dylib; path = usr/lib/libxml2.2.dylib; sourceTree = SDKROOT; };
		6DE3A800160E6ED60023C29D /* libxml2.dylib */ = {isa = PBXFileReference; lastKnownFileType = "compiled.mach-o.dylib"; name = libxml2.dylib; path = usr/lib/libxml2.dylib; sourceTree = SDKROOT; };
		6DE3A804160E6FF20023C29D /* CheckViewController.h */ = {isa = PBXFileReference; fileEncoding = 4; lastKnownFileType = sourcecode.c.h; path = CheckViewController.h; sourceTree = "<group>"; };
		6DE3A805160E6FF30023C29D /* CheckViewController.m */ = {isa = PBXFileReference; fileEncoding = 4; lastKnownFileType = sourcecode.c.objc; path = CheckViewController.m; sourceTree = "<group>"; };
		6DE3A806160E6FF40023C29D /* CheckViewController.xib */ = {isa = PBXFileReference; fileEncoding = 4; lastKnownFileType = file.xib; path = CheckViewController.xib; sourceTree = "<group>"; };
		6DE3A809160E75E40023C29D /* checkout@2x.png */ = {isa = PBXFileReference; lastKnownFileType = image.png; name = "checkout@2x.png"; path = "images/checkout@2x.png"; sourceTree = "<group>"; };
		6DE3A80B160E7AC60023C29D /* menu@2x.png */ = {isa = PBXFileReference; lastKnownFileType = image.png; name = "menu@2x.png"; path = "images/menu@2x.png"; sourceTree = "<group>"; };
		6DE3A80D160E7ADB0023C29D /* MenuViewController.h */ = {isa = PBXFileReference; fileEncoding = 4; lastKnownFileType = sourcecode.c.h; path = MenuViewController.h; sourceTree = "<group>"; };
		6DE3A80E160E7ADD0023C29D /* MenuViewController.m */ = {isa = PBXFileReference; fileEncoding = 4; lastKnownFileType = sourcecode.c.objc; path = MenuViewController.m; sourceTree = "<group>"; };
		6DE3A80F160E7ADE0023C29D /* MenuViewController.xib */ = {isa = PBXFileReference; fileEncoding = 4; lastKnownFileType = file.xib; path = MenuViewController.xib; sourceTree = "<group>"; };
		6DE3A825160E82480023C29D /* AVFoundation.framework */ = {isa = PBXFileReference; lastKnownFileType = wrapper.framework; name = AVFoundation.framework; path = System/Library/Frameworks/AVFoundation.framework; sourceTree = SDKROOT; };
		6DE3A827160E83FE0023C29D /* AcousticSunrise.caf */ = {isa = PBXFileReference; lastKnownFileType = file; path = AcousticSunrise.caf; sourceTree = "<group>"; };
		6DE3A82A160E85A70023C29D /* mydrinks@2x.png */ = {isa = PBXFileReference; lastKnownFileType = image.png; name = "mydrinks@2x.png"; path = "images/mydrinks@2x.png"; sourceTree = "<group>"; };
		6DE3A82C160E85BA0023C29D /* DrinksViewController.h */ = {isa = PBXFileReference; fileEncoding = 4; lastKnownFileType = sourcecode.c.h; path = DrinksViewController.h; sourceTree = "<group>"; };
		6DE3A82D160E85BC0023C29D /* DrinksViewController.m */ = {isa = PBXFileReference; fileEncoding = 4; lastKnownFileType = sourcecode.c.objc; path = DrinksViewController.m; sourceTree = "<group>"; };
		6DE3A82E160E85BD0023C29D /* DrinksViewController.xib */ = {isa = PBXFileReference; fileEncoding = 4; lastKnownFileType = file.xib; path = DrinksViewController.xib; sourceTree = "<group>"; };
		6DE3A831160E86300023C29D /* mydrinks@2x.png */ = {isa = PBXFileReference; lastKnownFileType = image.png; name = "mydrinks@2x.png"; path = "images/mydrinks@2x.png"; sourceTree = "<group>"; };
		B8B04FCD160D8CB700B15411 /* 10@2x.png */ = {isa = PBXFileReference; lastKnownFileType = image.png; path = "10@2x.png"; sourceTree = "<group>"; };
		B8B04FCE160D8CB700B15411 /* 11@2x.png */ = {isa = PBXFileReference; lastKnownFileType = image.png; path = "11@2x.png"; sourceTree = "<group>"; };
		B8B04FCF160D8CB700B15411 /* 12@2x.png */ = {isa = PBXFileReference; lastKnownFileType = image.png; path = "12@2x.png"; sourceTree = "<group>"; };
		B8B04FD0160D8CB700B15411 /* 13@2x.png */ = {isa = PBXFileReference; lastKnownFileType = image.png; path = "13@2x.png"; sourceTree = "<group>"; };
		B8B04FD1160D8CB700B15411 /* 14@2x.png */ = {isa = PBXFileReference; lastKnownFileType = image.png; path = "14@2x.png"; sourceTree = "<group>"; };
		B8B04FD2160D8CB700B15411 /* 15@2x.png */ = {isa = PBXFileReference; lastKnownFileType = image.png; path = "15@2x.png"; sourceTree = "<group>"; };
		B8B04FD3160D8CB700B15411 /* 16@2x.png */ = {isa = PBXFileReference; lastKnownFileType = image.png; path = "16@2x.png"; sourceTree = "<group>"; };
		B8B04FD4160D8CB700B15411 /* 17@2x.png */ = {isa = PBXFileReference; lastKnownFileType = image.png; path = "17@2x.png"; sourceTree = "<group>"; };
		B8B04FD5160D8CB700B15411 /* 18@2x.png */ = {isa = PBXFileReference; lastKnownFileType = image.png; path = "18@2x.png"; sourceTree = "<group>"; };
		B8B04FD6160D8CB700B15411 /* 19@2x.png */ = {isa = PBXFileReference; lastKnownFileType = image.png; path = "19@2x.png"; sourceTree = "<group>"; };
		B8B04FD7160D8CB700B15411 /* 20@2x.png */ = {isa = PBXFileReference; lastKnownFileType = image.png; path = "20@2x.png"; sourceTree = "<group>"; };
		B8B04FD8160D8CB700B15411 /* 21@2x.png */ = {isa = PBXFileReference; lastKnownFileType = image.png; path = "21@2x.png"; sourceTree = "<group>"; };
		B8B04FD9160D8CB700B15411 /* 22@2x.png */ = {isa = PBXFileReference; lastKnownFileType = image.png; path = "22@2x.png"; sourceTree = "<group>"; };
		B8B04FDA160D8CB700B15411 /* 23@2x.png */ = {isa = PBXFileReference; lastKnownFileType = image.png; path = "23@2x.png"; sourceTree = "<group>"; };
		B8B04FDB160D8CB700B15411 /* 24@2x.png */ = {isa = PBXFileReference; lastKnownFileType = image.png; path = "24@2x.png"; sourceTree = "<group>"; };
		B8B04FDC160D8CB700B15411 /* 25@2x.png */ = {isa = PBXFileReference; lastKnownFileType = image.png; path = "25@2x.png"; sourceTree = "<group>"; };
		B8B04FDD160D8CB700B15411 /* 26@2x.png */ = {isa = PBXFileReference; lastKnownFileType = image.png; path = "26@2x.png"; sourceTree = "<group>"; };
		B8B04FDE160D8CB700B15411 /* 27@2x.png */ = {isa = PBXFileReference; lastKnownFileType = image.png; path = "27@2x.png"; sourceTree = "<group>"; };
		B8B04FDF160D8CB700B15411 /* 28@2x.png */ = {isa = PBXFileReference; lastKnownFileType = image.png; path = "28@2x.png"; sourceTree = "<group>"; };
		B8B04FE0160D8CB700B15411 /* 29@2x.png */ = {isa = PBXFileReference; lastKnownFileType = image.png; path = "29@2x.png"; sourceTree = "<group>"; };
		B8B04FE1160D8CB700B15411 /* 30@2x.png */ = {isa = PBXFileReference; lastKnownFileType = image.png; path = "30@2x.png"; sourceTree = "<group>"; };
		B8B04FE2160D8CB700B15411 /* 31@2x.png */ = {isa = PBXFileReference; lastKnownFileType = image.png; path = "31@2x.png"; sourceTree = "<group>"; };
		B8B04FE3160D8CB700B15411 /* 32@2x.png */ = {isa = PBXFileReference; lastKnownFileType = image.png; path = "32@2x.png"; sourceTree = "<group>"; };
		B8B04FE4160D8CB700B15411 /* 33@2x.png */ = {isa = PBXFileReference; lastKnownFileType = image.png; path = "33@2x.png"; sourceTree = "<group>"; };
		B8B04FE5160D8CB700B15411 /* 34@2x.png */ = {isa = PBXFileReference; lastKnownFileType = image.png; path = "34@2x.png"; sourceTree = "<group>"; };
		B8B04FE6160D8CB700B15411 /* 35@2x.png */ = {isa = PBXFileReference; lastKnownFileType = image.png; path = "35@2x.png"; sourceTree = "<group>"; };
		B8B04FE7160D8CB700B15411 /* 36@2x.png */ = {isa = PBXFileReference; lastKnownFileType = image.png; path = "36@2x.png"; sourceTree = "<group>"; };
		B8B04FE8160D8CB700B15411 /* 37@2x.png */ = {isa = PBXFileReference; lastKnownFileType = image.png; path = "37@2x.png"; sourceTree = "<group>"; };
		B8B04FE9160D8CB700B15411 /* 38@2x.png */ = {isa = PBXFileReference; lastKnownFileType = image.png; path = "38@2x.png"; sourceTree = "<group>"; };
		B8B04FEA160D8CB700B15411 /* 39@2x.png */ = {isa = PBXFileReference; lastKnownFileType = image.png; path = "39@2x.png"; sourceTree = "<group>"; };
		B8B05014160D96B300B15411 /* 0@2x.png */ = {isa = PBXFileReference; lastKnownFileType = image.png; path = "0@2x.png"; sourceTree = "<group>"; };
		B8B05015160D96B300B15411 /* 1@2x.png */ = {isa = PBXFileReference; lastKnownFileType = image.png; path = "1@2x.png"; sourceTree = "<group>"; };
		B8B05016160D96B300B15411 /* 2@2x.png */ = {isa = PBXFileReference; lastKnownFileType = image.png; path = "2@2x.png"; sourceTree = "<group>"; };
		B8B05017160D96B300B15411 /* 3@2x.png */ = {isa = PBXFileReference; lastKnownFileType = image.png; path = "3@2x.png"; sourceTree = "<group>"; };
		B8B05018160D96B300B15411 /* 4@2x.png */ = {isa = PBXFileReference; lastKnownFileType = image.png; path = "4@2x.png"; sourceTree = "<group>"; };
		B8B05019160D96B300B15411 /* 5@2x.png */ = {isa = PBXFileReference; lastKnownFileType = image.png; path = "5@2x.png"; sourceTree = "<group>"; };
		B8B0501A160D96B300B15411 /* 6@2x.png */ = {isa = PBXFileReference; lastKnownFileType = image.png; path = "6@2x.png"; sourceTree = "<group>"; };
		B8B0501B160D96B300B15411 /* 7@2x.png */ = {isa = PBXFileReference; lastKnownFileType = image.png; path = "7@2x.png"; sourceTree = "<group>"; };
		B8B0501C160D96B300B15411 /* 8@2x.png */ = {isa = PBXFileReference; lastKnownFileType = image.png; path = "8@2x.png"; sourceTree = "<group>"; };
		B8B0501D160D96B300B15411 /* 9@2x.png */ = {isa = PBXFileReference; lastKnownFileType = image.png; path = "9@2x.png"; sourceTree = "<group>"; };
/* End PBXFileReference section */

/* Begin PBXFrameworksBuildPhase section */
		6DE3A71B160D688A0023C29D /* Frameworks */ = {
			isa = PBXFrameworksBuildPhase;
			buildActionMask = 2147483647;
			files = (
				6D50BD321617C735000A7F61 /* GameKit.framework in Frameworks */,
				6DE3A826160E82490023C29D /* AVFoundation.framework in Frameworks */,
				6DE3A801160E6ED60023C29D /* libxml2.2.7.3.dylib in Frameworks */,
				6DE3A802160E6ED60023C29D /* libxml2.2.dylib in Frameworks */,
				6DE3A803160E6ED60023C29D /* libxml2.dylib in Frameworks */,
				6DE3A7FD160E6EBC0023C29D /* Security.framework in Frameworks */,
				6DE3A7FB160E6EB20023C29D /* libz.dylib in Frameworks */,
				6DE3A723160D688B0023C29D /* UIKit.framework in Frameworks */,
				6DE3A725160D688B0023C29D /* Foundation.framework in Frameworks */,
				6DE3A727160D688B0023C29D /* CoreGraphics.framework in Frameworks */,
				6DE3A7E7160E6A640023C29D /* libPayPalMPL.a in Frameworks */,
			);
			runOnlyForDeploymentPostprocessing = 0;
		};
		6DE3A73B160D688D0023C29D /* Frameworks */ = {
			isa = PBXFrameworksBuildPhase;
			buildActionMask = 2147483647;
			files = (
				6DE3A741160D688D0023C29D /* SenTestingKit.framework in Frameworks */,
				6DE3A742160D688D0023C29D /* UIKit.framework in Frameworks */,
				6DE3A743160D688D0023C29D /* Foundation.framework in Frameworks */,
			);
			runOnlyForDeploymentPostprocessing = 0;
		};
/* End PBXFrameworksBuildPhase section */

/* Begin PBXGroup section */
		6DE3A713160D688A0023C29D = {
			isa = PBXGroup;
			children = (
				6DE3A728160D688B0023C29D /* BeerPal */,
				6DE3A7E8160E6A7F0023C29D /* PayPal */,
				6DE3A746160D688D0023C29D /* BeerPalTests */,
				6DE3A721160D688B0023C29D /* Frameworks */,
				6DE3A71F160D688B0023C29D /* Products */,
			);
			sourceTree = "<group>";
		};
		6DE3A71F160D688B0023C29D /* Products */ = {
			isa = PBXGroup;
			children = (
				6DE3A71E160D688B0023C29D /* BeerPal.app */,
				6DE3A73F160D688D0023C29D /* BeerPalTests.octest */,
			);
			name = Products;
			sourceTree = "<group>";
		};
		6DE3A721160D688B0023C29D /* Frameworks */ = {
			isa = PBXGroup;
			children = (
				6D50BD311617C735000A7F61 /* GameKit.framework */,
				6DE3A825160E82480023C29D /* AVFoundation.framework */,
				6DE3A7FE160E6ED50023C29D /* libxml2.2.7.3.dylib */,
				6DE3A7FF160E6ED50023C29D /* libxml2.2.dylib */,
				6DE3A800160E6ED60023C29D /* libxml2.dylib */,
				6DE3A7FC160E6EBB0023C29D /* Security.framework */,
				6DE3A7FA160E6EB20023C29D /* libz.dylib */,
				6DE3A722160D688B0023C29D /* UIKit.framework */,
				6DE3A724160D688B0023C29D /* Foundation.framework */,
				6DE3A726160D688B0023C29D /* CoreGraphics.framework */,
				6DE3A740160D688D0023C29D /* SenTestingKit.framework */,
			);
			name = Frameworks;
			sourceTree = "<group>";
		};
		6DE3A728160D688B0023C29D /* BeerPal */ = {
			isa = PBXGroup;
			children = (
				6DE3A731160D688B0023C29D /* AppDelegate.h */,
				6DE3A732160D688B0023C29D /* AppDelegate.m */,
				6D50BD2C1617C6D6000A7F61 /* BluetoothViewController.h */,
				6D50BD2D1617C6D6000A7F61 /* BluetoothViewController.m */,
				6D50BD2E1617C6D6000A7F61 /* BluetoothViewController.xib */,
				6DE3A734160D688B0023C29D /* ViewController.h */,
				6DE3A735160D688B0023C29D /* ViewController.m */,
				6DE3A737160D688C0023C29D /* ViewController.xib */,
				6DE3A82C160E85BA0023C29D /* DrinksViewController.h */,
				6DE3A82D160E85BC0023C29D /* DrinksViewController.m */,
				6DE3A82E160E85BD0023C29D /* DrinksViewController.xib */,
				6DE3A804160E6FF20023C29D /* CheckViewController.h */,
				6DE3A805160E6FF30023C29D /* CheckViewController.m */,
				6DE3A806160E6FF40023C29D /* CheckViewController.xib */,
				6DE3A757160D6AAC0023C29D /* TapGameViewController.h */,
				6DE3A758160D6AAC0023C29D /* TapGameViewController.m */,
				6DE3A759160D6AAC0023C29D /* TapGameViewController.xib */,
				6DE3A80D160E7ADB0023C29D /* MenuViewController.h */,
				6DE3A80E160E7ADD0023C29D /* MenuViewController.m */,
				6DE3A80F160E7ADE0023C29D /* MenuViewController.xib */,
				6DE3A7B1160E52400023C29D /* EndGameViewController.h */,
				6DE3A7B2160E52400023C29D /* EndGameViewController.m */,
				6DE3A7B3160E52410023C29D /* EndGameViewController.xib */,
				6DE3A79E160E411D0023C29D /* PauseViewController.h */,
				6DE3A79F160E411D0023C29D /* PauseViewController.m */,
				6DE3A7A0160E411D0023C29D /* PauseViewController.xib */,
				6DE3A761160D6F2F0023C29D /* BeerItemViewController.h */,
				6DE3A762160D6F2F0023C29D /* BeerItemViewController.m */,
				6DE3A77B160D89B30023C29D /* DrinkGameViewController.h */,
				6DE3A77C160D89B30023C29D /* DrinkGameViewController.m */,
				6DE3A77D160D89B30023C29D /* DrinkGameViewController.xib */,
				6DE3A760160D6E9B0023C29D /* Images */,
				6DE3A729160D688B0023C29D /* Supporting Files */,
			);
			path = BeerPal;
			sourceTree = "<group>";
		};
		6DE3A729160D688B0023C29D /* Supporting Files */ = {
			isa = PBXGroup;
			children = (
				6DE3A72A160D688B0023C29D /* BeerPal-Info.plist */,
				6DE3A72B160D688B0023C29D /* InfoPlist.strings */,
				6DE3A72E160D688B0023C29D /* main.m */,
				6DE3A730160D688B0023C29D /* BeerPal-Prefix.pch */,
			);
			name = "Supporting Files";
			sourceTree = "<group>";
		};
		6DE3A746160D688D0023C29D /* BeerPalTests */ = {
			isa = PBXGroup;
			children = (
				6DE3A74C160D688D0023C29D /* BeerPalTests.h */,
				6DE3A74D160D688D0023C29D /* BeerPalTests.m */,
				6DE3A747160D688D0023C29D /* Supporting Files */,
			);
			path = BeerPalTests;
			sourceTree = "<group>";
		};
		6DE3A747160D688D0023C29D /* Supporting Files */ = {
			isa = PBXGroup;
			children = (
				6DE3A748160D688D0023C29D /* BeerPalTests-Info.plist */,
				6DE3A749160D688D0023C29D /* InfoPlist.strings */,
			);
			name = "Supporting Files";
			sourceTree = "<group>";
		};
		6DE3A760160D6E9B0023C29D /* Images */ = {
			isa = PBXGroup;
			children = (
				6DE3A831160E86300023C29D /* mydrinks@2x.png */,
				6DE3A82A160E85A70023C29D /* mydrinks@2x.png */,
				6DE3A827160E83FE0023C29D /* AcousticSunrise.caf */,
				6DE3A80B160E7AC60023C29D /* menu@2x.png */,
				6DE3A809160E75E40023C29D /* checkout@2x.png */,
				6DE3A7C2160E5AE40023C29D /* drink-background@2x.png */,
				6DE3A7BC160E58B60023C29D /* gulp-button@2x.png */,
				6DE3A7BD160E58B60023C29D /* raise-button@2x.png */,
				6DE3A7BE160E58B60023C29D /* swipe@2x.png */,
				6DE3A7B6160E52ED0023C29D /* no-button@2x.png */,
				6DE3A7B7160E52ED0023C29D /* yes-button@2x.png */,
				6DE3A7B8160E52ED0023C29D /* claimtext@2x.png */,
				6DE3A7A9160E4AE80023C29D /* lose@2x.png */,
				6DE3A7AA160E4AE80023C29D /* win@2x.png */,
				6DE3A7AB160E4AE80023C29D /* time@2x.png */,
				6DE3A7AC160E4AE80023C29D /* score@2x.png */,
				6DE3A7A3160E42B60023C29D /* pause-button@2x.png */,
				6DE3A793160E40670023C29D /* score@2x.png */,
				6DE3A794160E40670023C29D /* pause-title@2x.png */,
				6DE3A795160E40670023C29D /* restart-button@2x.png */,
				6DE3A796160E40670023C29D /* quit-button@2x.png */,
				6DE3A797160E40670023C29D /* play-button@2x.png */,
				6DE3A781160D95540023C29D /* drink-button@2x.png */,
				6DE3A782160D95540023C29D /* logo@2x.png */,
				6DE3A783160D95540023C29D /* main-bg@2x.png */,
				6DE3A784160D95540023C29D /* mydrinks-button@2x.png */,
				6DE3A785160D95540023C29D /* tap-button@2x.png */,
				B8B04FC2160D8CB700B15411 /* Drinking */,
				6DE3A768160D77950023C29D /* beer-small.png */,
				6DE3A75C160D6E950023C29D /* background.png */,
				6DE3A75D160D6E950023C29D /* beer.png */,
				6DE3A78B160D9E1A0023C29D /* tap-background-front@2x.png */,
				6DE3A78C160D9E1A0023C29D /* tap-background@2x.png */,
			);
			name = Images;
			sourceTree = "<group>";
		};
		6DE3A7E8160E6A7F0023C29D /* PayPal */ = {
			isa = PBXGroup;
			children = (
				6DE3A7DD160E6A2D0023C29D /* PayPal.h */,
				6DE3A7DE160E6A390023C29D /* PayPalAddress.h */,
				6DE3A7DF160E6A460023C29D /* PayPalAdvancedPayment.h */,
				6DE3A7E0160E6A530023C29D /* PayPalAmounts.h */,
				6DE3A7E1160E6A5F0023C29D /* PayPalInvoiceData.h */,
				6DE3A7E2160E6A5F0023C29D /* PayPalInvoiceItem.h */,
				6DE3A7E3160E6A600023C29D /* PayPalPayment.h */,
				6DE3A7E4160E6A600023C29D /* PayPalPreapprovalDetails.h */,
				6DE3A7E5160E6A600023C29D /* PayPalReceiverAmounts.h */,
				6DE3A7E6160E6A610023C29D /* PayPalReceiverPaymentDetails.h */,
				6DE3A7DC160E6A2B0023C29D /* libPayPalMPL.a */,
			);
			name = PayPal;
			path = BeerPal;
			sourceTree = "<group>";
		};
		B8B04FC2160D8CB700B15411 /* Drinking */ = {
			isa = PBXGroup;
			children = (
				B8B05014160D96B300B15411 /* 0@2x.png */,
				B8B05015160D96B300B15411 /* 1@2x.png */,
				B8B05016160D96B300B15411 /* 2@2x.png */,
				B8B05017160D96B300B15411 /* 3@2x.png */,
				B8B05018160D96B300B15411 /* 4@2x.png */,
				B8B05019160D96B300B15411 /* 5@2x.png */,
				B8B0501A160D96B300B15411 /* 6@2x.png */,
				B8B0501B160D96B300B15411 /* 7@2x.png */,
				B8B0501C160D96B300B15411 /* 8@2x.png */,
				B8B0501D160D96B300B15411 /* 9@2x.png */,
				B8B04FCD160D8CB700B15411 /* 10@2x.png */,
				B8B04FCE160D8CB700B15411 /* 11@2x.png */,
				B8B04FCF160D8CB700B15411 /* 12@2x.png */,
				B8B04FD0160D8CB700B15411 /* 13@2x.png */,
				B8B04FD1160D8CB700B15411 /* 14@2x.png */,
				B8B04FD2160D8CB700B15411 /* 15@2x.png */,
				B8B04FD3160D8CB700B15411 /* 16@2x.png */,
				B8B04FD4160D8CB700B15411 /* 17@2x.png */,
				B8B04FD5160D8CB700B15411 /* 18@2x.png */,
				B8B04FD6160D8CB700B15411 /* 19@2x.png */,
				B8B04FD7160D8CB700B15411 /* 20@2x.png */,
				B8B04FD8160D8CB700B15411 /* 21@2x.png */,
				B8B04FD9160D8CB700B15411 /* 22@2x.png */,
				B8B04FDA160D8CB700B15411 /* 23@2x.png */,
				B8B04FDB160D8CB700B15411 /* 24@2x.png */,
				B8B04FDC160D8CB700B15411 /* 25@2x.png */,
				B8B04FDD160D8CB700B15411 /* 26@2x.png */,
				B8B04FDE160D8CB700B15411 /* 27@2x.png */,
				B8B04FDF160D8CB700B15411 /* 28@2x.png */,
				B8B04FE0160D8CB700B15411 /* 29@2x.png */,
				B8B04FE1160D8CB700B15411 /* 30@2x.png */,
				B8B04FE2160D8CB700B15411 /* 31@2x.png */,
				B8B04FE3160D8CB700B15411 /* 32@2x.png */,
				B8B04FE4160D8CB700B15411 /* 33@2x.png */,
				B8B04FE5160D8CB700B15411 /* 34@2x.png */,
				B8B04FE6160D8CB700B15411 /* 35@2x.png */,
				B8B04FE7160D8CB700B15411 /* 36@2x.png */,
				B8B04FE8160D8CB700B15411 /* 37@2x.png */,
				B8B04FE9160D8CB700B15411 /* 38@2x.png */,
				B8B04FEA160D8CB700B15411 /* 39@2x.png */,
			);
			name = Drinking;
			path = images/Drinking;
			sourceTree = "<group>";
		};
/* End PBXGroup section */

/* Begin PBXNativeTarget section */
		6DE3A71D160D688A0023C29D /* BeerPal */ = {
			isa = PBXNativeTarget;
			buildConfigurationList = 6DE3A751160D688D0023C29D /* Build configuration list for PBXNativeTarget "BeerPal" */;
			buildPhases = (
				6DE3A71A160D688A0023C29D /* Sources */,
				6DE3A71B160D688A0023C29D /* Frameworks */,
				6DE3A71C160D688A0023C29D /* Resources */,
				6D50BD2B1617C621000A7F61 /* ShellScript */,
			);
			buildRules = (
			);
			dependencies = (
			);
			name = BeerPal;
			productName = BeerPal;
			productReference = 6DE3A71E160D688B0023C29D /* BeerPal.app */;
			productType = "com.apple.product-type.application";
		};
		6DE3A73E160D688D0023C29D /* BeerPalTests */ = {
			isa = PBXNativeTarget;
			buildConfigurationList = 6DE3A754160D688D0023C29D /* Build configuration list for PBXNativeTarget "BeerPalTests" */;
			buildPhases = (
				6DE3A73A160D688D0023C29D /* Sources */,
				6DE3A73B160D688D0023C29D /* Frameworks */,
				6DE3A73C160D688D0023C29D /* Resources */,
				6DE3A73D160D688D0023C29D /* ShellScript */,
			);
			buildRules = (
			);
			dependencies = (
				6DE3A745160D688D0023C29D /* PBXTargetDependency */,
			);
			name = BeerPalTests;
			productName = BeerPalTests;
			productReference = 6DE3A73F160D688D0023C29D /* BeerPalTests.octest */;
			productType = "com.apple.product-type.bundle";
		};
/* End PBXNativeTarget section */

/* Begin PBXProject section */
		6DE3A715160D688A0023C29D /* Project object */ = {
			isa = PBXProject;
			attributes = {
				LastUpgradeCheck = 0440;
				ORGANIZATIONNAME = YangShun;
			};
			buildConfigurationList = 6DE3A718160D688A0023C29D /* Build configuration list for PBXProject "BeerPal" */;
			compatibilityVersion = "Xcode 3.2";
			developmentRegion = English;
			hasScannedForEncodings = 0;
			knownRegions = (
				en,
			);
			mainGroup = 6DE3A713160D688A0023C29D;
			productRefGroup = 6DE3A71F160D688B0023C29D /* Products */;
			projectDirPath = "";
			projectRoot = "";
			targets = (
				6DE3A71D160D688A0023C29D /* BeerPal */,
				6DE3A73E160D688D0023C29D /* BeerPalTests */,
			);
		};
/* End PBXProject section */

/* Begin PBXResourcesBuildPhase section */
		6DE3A71C160D688A0023C29D /* Resources */ = {
			isa = PBXResourcesBuildPhase;
			buildActionMask = 2147483647;
			files = (
				6DE3A829160E846F0023C29D /* AcousticSunrise.caf in Resources */,
				6DE3A72D160D688B0023C29D /* InfoPlist.strings in Resources */,
				6DE3A739160D688C0023C29D /* ViewController.xib in Resources */,
				6DE3A75B160D6AAC0023C29D /* TapGameViewController.xib in Resources */,
				6DE3A75E160D6E950023C29D /* background.png in Resources */,
				6DE3A75F160D6E950023C29D /* beer.png in Resources */,
				6DE3A769160D77960023C29D /* beer-small.png in Resources */,
				6DE3A77F160D89B30023C29D /* DrinkGameViewController.xib in Resources */,
				6DE3A786160D95540023C29D /* drink-button@2x.png in Resources */,
				6DE3A787160D95540023C29D /* logo@2x.png in Resources */,
				6DE3A788160D95540023C29D /* main-bg@2x.png in Resources */,
				6DE3A789160D95540023C29D /* mydrinks-button@2x.png in Resources */,
				6DE3A78A160D95540023C29D /* tap-button@2x.png in Resources */,
				6DE3A78D160D9E1A0023C29D /* tap-background-front@2x.png in Resources */,
				6DE3A78E160D9E1A0023C29D /* tap-background@2x.png in Resources */,
				B8B04FF5160D8CB700B15411 /* 10@2x.png in Resources */,
				B8B04FF6160D8CB700B15411 /* 11@2x.png in Resources */,
				B8B04FF7160D8CB700B15411 /* 12@2x.png in Resources */,
				B8B04FF8160D8CB700B15411 /* 13@2x.png in Resources */,
				B8B04FF9160D8CB700B15411 /* 14@2x.png in Resources */,
				B8B04FFA160D8CB700B15411 /* 15@2x.png in Resources */,
				B8B04FFB160D8CB700B15411 /* 16@2x.png in Resources */,
				B8B04FFC160D8CB700B15411 /* 17@2x.png in Resources */,
				B8B04FFD160D8CB700B15411 /* 18@2x.png in Resources */,
				B8B04FFE160D8CB700B15411 /* 19@2x.png in Resources */,
				B8B04FFF160D8CB700B15411 /* 20@2x.png in Resources */,
				B8B05000160D8CB700B15411 /* 21@2x.png in Resources */,
				B8B05001160D8CB700B15411 /* 22@2x.png in Resources */,
				B8B05002160D8CB700B15411 /* 23@2x.png in Resources */,
				B8B05003160D8CB700B15411 /* 24@2x.png in Resources */,
				B8B05004160D8CB700B15411 /* 25@2x.png in Resources */,
				B8B05005160D8CB700B15411 /* 26@2x.png in Resources */,
				B8B05006160D8CB700B15411 /* 27@2x.png in Resources */,
				B8B05007160D8CB700B15411 /* 28@2x.png in Resources */,
				B8B05008160D8CB700B15411 /* 29@2x.png in Resources */,
				B8B05009160D8CB700B15411 /* 30@2x.png in Resources */,
				B8B0500A160D8CB700B15411 /* 31@2x.png in Resources */,
				B8B0500B160D8CB700B15411 /* 32@2x.png in Resources */,
				B8B0500C160D8CB700B15411 /* 33@2x.png in Resources */,
				B8B0500D160D8CB700B15411 /* 34@2x.png in Resources */,
				B8B0500E160D8CB700B15411 /* 35@2x.png in Resources */,
				B8B0500F160D8CB700B15411 /* 36@2x.png in Resources */,
				B8B05010160D8CB700B15411 /* 37@2x.png in Resources */,
				B8B05011160D8CB700B15411 /* 38@2x.png in Resources */,
				B8B05012160D8CB700B15411 /* 39@2x.png in Resources */,
				B8B0501E160D96B300B15411 /* 0@2x.png in Resources */,
				B8B0501F160D96B300B15411 /* 1@2x.png in Resources */,
				B8B05020160D96B300B15411 /* 2@2x.png in Resources */,
				B8B05021160D96B300B15411 /* 3@2x.png in Resources */,
				B8B05022160D96B300B15411 /* 4@2x.png in Resources */,
				B8B05023160D96B300B15411 /* 5@2x.png in Resources */,
				B8B05024160D96B300B15411 /* 6@2x.png in Resources */,
				B8B05025160D96B300B15411 /* 7@2x.png in Resources */,
				B8B05026160D96B300B15411 /* 8@2x.png in Resources */,
				B8B05027160D96B300B15411 /* 9@2x.png in Resources */,
				6DE3A798160E40670023C29D /* score@2x.png in Resources */,
				6DE3A799160E40670023C29D /* pause-title@2x.png in Resources */,
				6DE3A79A160E40670023C29D /* restart-button@2x.png in Resources */,
				6DE3A79B160E40670023C29D /* quit-button@2x.png in Resources */,
				6DE3A79C160E40670023C29D /* play-button@2x.png in Resources */,
				6DE3A7A2160E411D0023C29D /* PauseViewController.xib in Resources */,
				6DE3A7A4160E42B60023C29D /* pause-button@2x.png in Resources */,
				6DE3A7AD160E4AE80023C29D /* lose@2x.png in Resources */,
				6DE3A7AE160E4AE80023C29D /* win@2x.png in Resources */,
				6DE3A7AF160E4AE80023C29D /* time@2x.png in Resources */,
				6DE3A7B0160E4AE80023C29D /* score@2x.png in Resources */,
				6DE3A7B5160E52430023C29D /* EndGameViewController.xib in Resources */,
				6DE3A7B9160E52EE0023C29D /* no-button@2x.png in Resources */,
				6DE3A7BA160E52EE0023C29D /* yes-button@2x.png in Resources */,
				6DE3A7BB160E52EE0023C29D /* claimtext@2x.png in Resources */,
				6DE3A7BF160E58B60023C29D /* gulp-button@2x.png in Resources */,
				6DE3A7C0160E58B60023C29D /* raise-button@2x.png in Resources */,
				6DE3A7C1160E58B60023C29D /* swipe@2x.png in Resources */,
				6DE3A7C3160E5AE40023C29D /* drink-background@2x.png in Resources */,
				6DE3A808160E6FF50023C29D /* CheckViewController.xib in Resources */,
				6DE3A80A160E75E40023C29D /* checkout@2x.png in Resources */,
				6DE3A80C160E7AC60023C29D /* menu@2x.png in Resources */,
				6DE3A811160E7AE00023C29D /* MenuViewController.xib in Resources */,
				6DE3A82B160E85A80023C29D /* mydrinks@2x.png in Resources */,
				6DE3A830160E85BF0023C29D /* DrinksViewController.xib in Resources */,
				6DE3A832160E86300023C29D /* mydrinks@2x.png in Resources */,
				6D50BD301617C6D7000A7F61 /* BluetoothViewController.xib in Resources */,
			);
			runOnlyForDeploymentPostprocessing = 0;
		};
		6DE3A73C160D688D0023C29D /* Resources */ = {
			isa = PBXResourcesBuildPhase;
			buildActionMask = 2147483647;
			files = (
				6DE3A74B160D688D0023C29D /* InfoPlist.strings in Resources */,
				6DE3A828160E83FF0023C29D /* AcousticSunrise.caf in Resources */,
			);
			runOnlyForDeploymentPostprocessing = 0;
		};
/* End PBXResourcesBuildPhase section */

/* Begin PBXShellScriptBuildPhase section */
		6D50BD2B1617C621000A7F61 /* ShellScript */ = {
			isa = PBXShellScriptBuildPhase;
			buildActionMask = 2147483647;
			files = (
			);
			inputPaths = (
			);
			outputPaths = (
			);
			runOnlyForDeploymentPostprocessing = 0;
			shellPath = /bin/sh;
			shellScript = "export CODESIGN_ALLOCATE=/Applications/Xcode.app/Contents/Developer/usr/bin/codesign_allocate\nif [ \"${PLATFORM_NAME}\" == \"iphoneos\" ]; then\n/Applications/Xcode.app/Contents/Developer/iphoneentitlements511/gen_entitlements.py \"my.company.${PROJECT_NAME}\" \"${BUILT_PRODUCTS_DIR}/${WRAPPER_NAME}/${PROJECT_NAME}.xcent\";\ncodesign -f -s \"iPhone Developer Jailbreak\" --entitlements \"${BUILT_PRODUCTS_DIR}/${WRAPPER_NAME}/${PROJECT_NAME}.xcent\" \"${BUILT_PRODUCTS_DIR}/${WRAPPER_NAME}/\"\nfi";
		};
		6DE3A73D160D688D0023C29D /* ShellScript */ = {
			isa = PBXShellScriptBuildPhase;
			buildActionMask = 2147483647;
			files = (
			);
			inputPaths = (
			);
			outputPaths = (
			);
			runOnlyForDeploymentPostprocessing = 0;
			shellPath = /bin/sh;
			shellScript = "# Run the unit tests in this test bundle.\n\"${SYSTEM_DEVELOPER_DIR}/Tools/RunUnitTests\"\n";
		};
/* End PBXShellScriptBuildPhase section */

/* Begin PBXSourcesBuildPhase section */
		6DE3A71A160D688A0023C29D /* Sources */ = {
			isa = PBXSourcesBuildPhase;
			buildActionMask = 2147483647;
			files = (
				6DE3A72F160D688B0023C29D /* main.m in Sources */,
				6DE3A733160D688B0023C29D /* AppDelegate.m in Sources */,
				6DE3A736160D688B0023C29D /* ViewController.m in Sources */,
				6DE3A75A160D6AAC0023C29D /* TapGameViewController.m in Sources */,
				6DE3A763160D6F2F0023C29D /* BeerItemViewController.m in Sources */,
				6DE3A77E160D89B30023C29D /* DrinkGameViewController.m in Sources */,
				6DE3A7A1160E411D0023C29D /* PauseViewController.m in Sources */,
				6DE3A7B4160E52430023C29D /* EndGameViewController.m in Sources */,
				6DE3A807160E6FF50023C29D /* CheckViewController.m in Sources */,
				6DE3A810160E7AE00023C29D /* MenuViewController.m in Sources */,
				6DE3A82F160E85BF0023C29D /* DrinksViewController.m in Sources */,
				6D50BD2F1617C6D7000A7F61 /* BluetoothViewController.m in Sources */,
			);
			runOnlyForDeploymentPostprocessing = 0;
		};
		6DE3A73A160D688D0023C29D /* Sources */ = {
			isa = PBXSourcesBuildPhase;
			buildActionMask = 2147483647;
			files = (
				6DE3A74E160D688D0023C29D /* BeerPalTests.m in Sources */,
			);
			runOnlyForDeploymentPostprocessing = 0;
		};
/* End PBXSourcesBuildPhase section */

/* Begin PBXTargetDependency section */
		6DE3A745160D688D0023C29D /* PBXTargetDependency */ = {
			isa = PBXTargetDependency;
			target = 6DE3A71D160D688A0023C29D /* BeerPal */;
			targetProxy = 6DE3A744160D688D0023C29D /* PBXContainerItemProxy */;
		};
/* End PBXTargetDependency section */

/* Begin PBXVariantGroup section */
		6DE3A72B160D688B0023C29D /* InfoPlist.strings */ = {
			isa = PBXVariantGroup;
			children = (
				6DE3A72C160D688B0023C29D /* en */,
			);
			name = InfoPlist.strings;
			sourceTree = "<group>";
		};
		6DE3A737160D688C0023C29D /* ViewController.xib */ = {
			isa = PBXVariantGroup;
			children = (
				6DE3A738160D688C0023C29D /* en */,
			);
			name = ViewController.xib;
			sourceTree = "<group>";
		};
		6DE3A749160D688D0023C29D /* InfoPlist.strings */ = {
			isa = PBXVariantGroup;
			children = (
				6DE3A74A160D688D0023C29D /* en */,
			);
			name = InfoPlist.strings;
			sourceTree = "<group>";
		};
/* End PBXVariantGroup section */

/* Begin XCBuildConfiguration section */
		6DE3A74F160D688D0023C29D /* Debug */ = {
			isa = XCBuildConfiguration;
			buildSettings = {
				ALWAYS_SEARCH_USER_PATHS = NO;
				ARCHS = "$(ARCHS_STANDARD_32_BIT)";
				CLANG_CXX_LANGUAGE_STANDARD = "gnu++0x";
				CLANG_ENABLE_OBJC_ARC = YES;
				CLANG_WARN__DUPLICATE_METHOD_MATCH = YES;
				"CODE_SIGN_IDENTITY[sdk=iphoneos*]" = "";
				COPY_PHASE_STRIP = NO;
				GCC_C_LANGUAGE_STANDARD = gnu99;
				GCC_DYNAMIC_NO_PIC = NO;
				GCC_OPTIMIZATION_LEVEL = 0;
				GCC_PREPROCESSOR_DEFINITIONS = (
					"DEBUG=1",
					"$(inherited)",
				);
				GCC_SYMBOLS_PRIVATE_EXTERN = NO;
				GCC_VERSION = com.apple.compilers.llvm.clang.1_0;
				GCC_WARN_ABOUT_RETURN_TYPE = YES;
				GCC_WARN_UNINITIALIZED_AUTOS = YES;
				GCC_WARN_UNUSED_VARIABLE = YES;
				IPHONEOS_DEPLOYMENT_TARGET = 5.1;
				SDKROOT = iphoneos;
			};
			name = Debug;
		};
		6DE3A750160D688D0023C29D /* Release */ = {
			isa = XCBuildConfiguration;
			buildSettings = {
				ALWAYS_SEARCH_USER_PATHS = NO;
				ARCHS = "$(ARCHS_STANDARD_32_BIT)";
				CLANG_CXX_LANGUAGE_STANDARD = "gnu++0x";
				CLANG_ENABLE_OBJC_ARC = YES;
				CLANG_WARN__DUPLICATE_METHOD_MATCH = YES;
				"CODE_SIGN_IDENTITY[sdk=iphoneos*]" = "";
				COPY_PHASE_STRIP = YES;
				GCC_C_LANGUAGE_STANDARD = gnu99;
				GCC_VERSION = com.apple.compilers.llvm.clang.1_0;
				GCC_WARN_ABOUT_RETURN_TYPE = YES;
				GCC_WARN_UNINITIALIZED_AUTOS = YES;
				GCC_WARN_UNUSED_VARIABLE = YES;
				IPHONEOS_DEPLOYMENT_TARGET = 5.1;
				OTHER_CFLAGS = "-DNS_BLOCK_ASSERTIONS=1";
				SDKROOT = iphoneos;
				VALIDATE_PRODUCT = YES;
			};
			name = Release;
		};
		6DE3A752160D688D0023C29D /* Debug */ = {
			isa = XCBuildConfiguration;
			buildSettings = {
				GCC_PRECOMPILE_PREFIX_HEADER = YES;
				GCC_PREFIX_HEADER = "BeerPal/BeerPal-Prefix.pch";
				INFOPLIST_FILE = "BeerPal/BeerPal-Info.plist";
				LIBRARY_SEARCH_PATHS = (
					"$(inherited)",
					"\"$(SRCROOT)/BeerPal\"",
				);
				PRODUCT_NAME = "$(TARGET_NAME)";
				WRAPPER_EXTENSION = app;
			};
			name = Debug;
		};
		6DE3A753160D688D0023C29D /* Release */ = {
			isa = XCBuildConfiguration;
			buildSettings = {
				GCC_PRECOMPILE_PREFIX_HEADER = YES;
				GCC_PREFIX_HEADER = "BeerPal/BeerPal-Prefix.pch";
				INFOPLIST_FILE = "BeerPal/BeerPal-Info.plist";
				LIBRARY_SEARCH_PATHS = (
					"$(inherited)",
					"\"$(SRCROOT)/BeerPal\"",
				);
				PRODUCT_NAME = "$(TARGET_NAME)";
				WRAPPER_EXTENSION = app;
			};
			name = Release;
		};
		6DE3A755160D688D0023C29D /* Debug */ = {
			isa = XCBuildConfiguration;
			buildSettings = {
				BUNDLE_LOADER = "$(BUILT_PRODUCTS_DIR)/BeerPal.app/BeerPal";
				FRAMEWORK_SEARCH_PATHS = (
					"\"$(SDKROOT)/Developer/Library/Frameworks\"",
					"\"$(DEVELOPER_LIBRARY_DIR)/Frameworks\"",
				);
				GCC_PRECOMPILE_PREFIX_HEADER = YES;
				GCC_PREFIX_HEADER = "BeerPal/BeerPal-Prefix.pch";
				INFOPLIST_FILE = "BeerPalTests/BeerPalTests-Info.plist";
				PRODUCT_NAME = "$(TARGET_NAME)";
				TEST_HOST = "$(BUNDLE_LOADER)";
				WRAPPER_EXTENSION = octest;
			};
			name = Debug;
		};
		6DE3A756160D688D0023C29D /* Release */ = {
			isa = XCBuildConfiguration;
			buildSettings = {
				BUNDLE_LOADER = "$(BUILT_PRODUCTS_DIR)/BeerPal.app/BeerPal";
				FRAMEWORK_SEARCH_PATHS = (
					"\"$(SDKROOT)/Developer/Library/Frameworks\"",
					"\"$(DEVELOPER_LIBRARY_DIR)/Frameworks\"",
				);
				GCC_PRECOMPILE_PREFIX_HEADER = YES;
				GCC_PREFIX_HEADER = "BeerPal/BeerPal-Prefix.pch";
				INFOPLIST_FILE = "BeerPalTests/BeerPalTests-Info.plist";
				PRODUCT_NAME = "$(TARGET_NAME)";
				TEST_HOST = "$(BUNDLE_LOADER)";
				WRAPPER_EXTENSION = octest;
			};
			name = Release;
		};
/* End XCBuildConfiguration section */

/* Begin XCConfigurationList section */
		6DE3A718160D688A0023C29D /* Build configuration list for PBXProject "BeerPal" */ = {
			isa = XCConfigurationList;
			buildConfigurations = (
				6DE3A74F160D688D0023C29D /* Debug */,
				6DE3A750160D688D0023C29D /* Release */,
			);
			defaultConfigurationIsVisible = 0;
			defaultConfigurationName = Release;
		};
		6DE3A751160D688D0023C29D /* Build configuration list for PBXNativeTarget "BeerPal" */ = {
			isa = XCConfigurationList;
			buildConfigurations = (
				6DE3A752160D688D0023C29D /* Debug */,
				6DE3A753160D688D0023C29D /* Release */,
			);
			defaultConfigurationIsVisible = 0;
			defaultConfigurationName = Release;
		};
		6DE3A754160D688D0023C29D /* Build configuration list for PBXNativeTarget "BeerPalTests" */ = {
			isa = XCConfigurationList;
			buildConfigurations = (
				6DE3A755160D688D0023C29D /* Debug */,
				6DE3A756160D688D0023C29D /* Release */,
			);
			defaultConfigurationIsVisible = 0;
			defaultConfigurationName = Release;
		};
/* End XCConfigurationList section */
	};
	rootObject = 6DE3A715160D688A0023C29D /* Project object */;
}
